<Solution>
  <Project Path="ZachHairStudio.Admin/ZachHairStudio.Admin.csproj" />
  <Project Path="ZachHairStudio.Api/ZachHairStudio.Api.csproj" />
  <Project Path="ZachHairStudio.Api.Tests/ZachHairStudio.Api.Tests.csproj" />
  <Project Path="ZachHairStudio.Shared/ZachHairStudio.Shared.csproj" />
</Solution>
